Microsoft Visual Studio Solution File, Format Version 12.00
# Visual Studio 2012
Project("{FAE04EC0-301F-11D3-BF4B-00C04F79EFBC}") = "RunFoxyRun", "RunFoxyRun.csproj", "{8F202EAC-ADDD-49A7-A752-F3A3FDD8B14E}"
EndProject
Global
	GlobalSection(SolutionConfigurationPlatforms) = preSolution
	Debug|Any CPU = Debug|Any CPU
	ExportDebug|Any CPU = ExportDebug|Any CPU
	ExportRelease|Any CPU = ExportRelease|Any CPU
	EndGlobalSection
	GlobalSection(ProjectConfigurationPlatforms) = postSolution
		{8F202EAC-ADDD-49A7-A752-F3A3FDD8B14E}.Debug|Any CPU.ActiveCfg = Debug|Any CPU
		{8F202EAC-ADDD-49A7-A752-F3A3FDD8B14E}.Debug|Any CPU.Build.0 = Debug|Any CPU
		{8F202EAC-ADDD-49A7-A752-F3A3FDD8B14E}.ExportDebug|Any CPU.ActiveCfg = ExportDebug|Any CPU
		{8F202EAC-ADDD-49A7-A752-F3A3FDD8B14E}.ExportDebug|Any CPU.Build.0 = ExportDebug|Any CPU
		{8F202EAC-ADDD-49A7-A752-F3A3FDD8B14E}.ExportRelease|Any CPU.ActiveCfg = ExportRelease|Any CPU
		{8F202EAC-ADDD-49A7-A752-F3A3FDD8B14E}.ExportRelease|Any CPU.Build.0 = ExportRelease|Any CPU
	EndGlobalSection
EndGlobal
